
Microsoft Visual Studio Solution File, Format Version 12.00
# Visual Studio Version 17
VisualStudioVersion = 17.2.32630.192
MinimumVisualStudioVersion = 10.0.40219.1
Project("{2150E333-8FDC-42A3-9474-1A3956D46DE8}") = "CSharp", "CSharp", "{1B2CB7D6-84C2-4414-A6C1-6BBC1B879958}"
EndProject
Project("{2150E333-8FDC-42A3-9474-1A3956D46DE8}") = "Patterns", "Patterns", "{F1A59FC3-416D-467A-902F-EE66C6E5DC32}"
EndProject
Project("{2150E333-8FDC-42A3-9474-1A3956D46DE8}") = "FrontEnd", "FrontEnd", "{0B03EB4D-16E1-410B-BFBA-8546BE851E33}"
EndProject
Project("{2150E333-8FDC-42A3-9474-1A3956D46DE8}") = "BackEnd", "BackEnd", "{2643745E-FE6F-4497-AE87-613089BC459E}"
EndProject
Project("{9A19103F-16F7-4668-BE54-9A1E7A4F7556}") = "TestConsoleApp1", "src\Backend\CSharp\Test\TestConsoleApp1\TestConsoleApp1.csproj", "{9D6D73EE-F3E7-4EAD-9E08-BCC11AB18673}"
EndProject
Project("{9A19103F-16F7-4668-BE54-9A1E7A4F7556}") = "BasicConsoleApp", "src\Backend\CSharp\BasicConsoleApp\BasicConsoleApp.csproj", "{09147DBD-5A59-41A5-9C15-2A9D9FC631FC}"
EndProject
Project("{2150E333-8FDC-42A3-9474-1A3956D46DE8}") = "JavaScript", "JavaScript", "{9275544C-4CA4-4FE5-BA11-60309D987721}"
	ProjectSection(SolutionItems) = preProject
		src\FrontEnd\JavaScript\ModernJavaScriptNotes.js = src\FrontEnd\JavaScript\ModernJavaScriptNotes.js
	EndProjectSection
EndProject
Project("{2150E333-8FDC-42A3-9474-1A3956D46DE8}") = "class", "class", "{E01265DD-9513-4CCB-93FC-6E7A2F429E25}"
	ProjectSection(SolutionItems) = preProject
		src\FrontEnd\JavaScript\class\class-one.js = src\FrontEnd\JavaScript\class\class-one.js
		src\FrontEnd\JavaScript\class\class-two.js = src\FrontEnd\JavaScript\class\class-two.js
	EndProjectSection
EndProject
Project("{2150E333-8FDC-42A3-9474-1A3956D46DE8}") = "ReactJS", "ReactJS", "{B9BBDC24-EB0D-4E14-8529-99B13F322110}"
EndProject
Project("{2150E333-8FDC-42A3-9474-1A3956D46DE8}") = "src", "src", "{95AD4052-BC02-4560-A830-D3D2FCD9B5F3}"
EndProject
Project("{2150E333-8FDC-42A3-9474-1A3956D46DE8}") = "modules", "modules", "{6F7F5B67-26C2-45DA-B1B7-7EF522530FA2}"
	ProjectSection(SolutionItems) = preProject
		src\FrontEnd\JavaScript\modules\company.js = src\FrontEnd\JavaScript\modules\company.js
		src\FrontEnd\JavaScript\modules\main.js = src\FrontEnd\JavaScript\modules\main.js
		src\FrontEnd\JavaScript\modules\module.html = src\FrontEnd\JavaScript\modules\module.html
		src\FrontEnd\JavaScript\modules\person.js = src\FrontEnd\JavaScript\modules\person.js
	EndProjectSection
EndProject
Project("{2150E333-8FDC-42A3-9474-1A3956D46DE8}") = "spread", "spread", "{773FDD11-249D-4BFF-80CF-0C7453622108}"
	ProjectSection(SolutionItems) = preProject
		src\FrontEnd\JavaScript\spreadoperator\spread.js = src\FrontEnd\JavaScript\spreadoperator\spread.js
	EndProjectSection
EndProject
Project("{2150E333-8FDC-42A3-9474-1A3956D46DE8}") = "UnitTesting", "UnitTesting", "{90E8B878-740A-4755-A7B2-125EE36E2588}"
EndProject
Project("{9A19103F-16F7-4668-BE54-9A1E7A4F7556}") = "PeopleClassLibrary", "src\Backend\UnitTesting\PeopleClassLibrary\PeopleClassLibrary.csproj", "{3F9AE311-375C-4794-9BB3-9C474E93F27D}"
EndProject
Project("{9A19103F-16F7-4668-BE54-9A1E7A4F7556}") = "PeopleClassLibrary.Test", "src\Backend\UnitTesting\PeopleClassLibrary.Test\PeopleClassLibrary.Test.csproj", "{AF8984B5-2EF7-4B80-B99C-C67EA5CF0D46}"
EndProject
Project("{9A19103F-16F7-4668-BE54-9A1E7A4F7556}") = "BasicConsoleApp.Test", "src\Backend\CSharp\BasicConsoleApp.Test\BasicConsoleApp.Test.csproj", "{DC05AFA0-E943-4D13-8325-BF620A541502}"
EndProject
Project("{2150E333-8FDC-42A3-9474-1A3956D46DE8}") = "RESTAPI", "RESTAPI", "{3A6E5BE4-B35C-4D53-836A-B87841899611}"
EndProject
Project("{2150E333-8FDC-42A3-9474-1A3956D46DE8}") = "OOP", "OOP", "{38339B63-E060-48B0-944A-45E60DE6DA2E}"
EndProject
Project("{9A19103F-16F7-4668-BE54-9A1E7A4F7556}") = "OOPConsole31", "src\Patterns\OOP\OOPConsole31\OOPConsole31.csproj", "{52E8F1CA-AE71-4025-AB43-F73A1FDF97E3}"
EndProject
Project("{2150E333-8FDC-42A3-9474-1A3956D46DE8}") = "SOLID", "SOLID", "{378B1B22-4C03-4B48-836D-8404AF5344CC}"
EndProject
Project("{2150E333-8FDC-42A3-9474-1A3956D46DE8}") = "Variables", "Variables", "{377E0ABB-107F-4A54-926D-80988D081D7C}"
EndProject
Project("{9A19103F-16F7-4668-BE54-9A1E7A4F7556}") = "VariableApp", "src\Backend\CSharp\Variables\VariableApp\VariableApp.csproj", "{C80FC5C6-8CDA-419F-B1F1-5110ECB3E461}"
EndProject
Project("{9A19103F-16F7-4668-BE54-9A1E7A4F7556}") = "VariableApp.Test", "src\Backend\CSharp\Variables\VariableApp.Test\VariableApp.Test.csproj", "{D413DEF3-7526-4785-ADA3-8DA9845F19CE}"
EndProject
Project("{9A19103F-16F7-4668-BE54-9A1E7A4F7556}") = "RESTAPI31", "src\Backend\RESTAPI\RESTAPI31\RESTAPI31.csproj", "{670C3EFD-75FE-43DE-95B9-6070564F12C4}"
EndProject
Global
	GlobalSection(SolutionConfigurationPlatforms) = preSolution
		Debug|Any CPU = Debug|Any CPU
		Release|Any CPU = Release|Any CPU
	EndGlobalSection
	GlobalSection(ProjectConfigurationPlatforms) = postSolution
		{9D6D73EE-F3E7-4EAD-9E08-BCC11AB18673}.Debug|Any CPU.ActiveCfg = Debug|Any CPU
		{9D6D73EE-F3E7-4EAD-9E08-BCC11AB18673}.Debug|Any CPU.Build.0 = Debug|Any CPU
		{9D6D73EE-F3E7-4EAD-9E08-BCC11AB18673}.Release|Any CPU.ActiveCfg = Release|Any CPU
		{9D6D73EE-F3E7-4EAD-9E08-BCC11AB18673}.Release|Any CPU.Build.0 = Release|Any CPU
		{09147DBD-5A59-41A5-9C15-2A9D9FC631FC}.Debug|Any CPU.ActiveCfg = Debug|Any CPU
		{09147DBD-5A59-41A5-9C15-2A9D9FC631FC}.Debug|Any CPU.Build.0 = Debug|Any CPU
		{09147DBD-5A59-41A5-9C15-2A9D9FC631FC}.Release|Any CPU.ActiveCfg = Release|Any CPU
		{09147DBD-5A59-41A5-9C15-2A9D9FC631FC}.Release|Any CPU.Build.0 = Release|Any CPU
		{3F9AE311-375C-4794-9BB3-9C474E93F27D}.Debug|Any CPU.ActiveCfg = Debug|Any CPU
		{3F9AE311-375C-4794-9BB3-9C474E93F27D}.Debug|Any CPU.Build.0 = Debug|Any CPU
		{3F9AE311-375C-4794-9BB3-9C474E93F27D}.Release|Any CPU.ActiveCfg = Release|Any CPU
		{3F9AE311-375C-4794-9BB3-9C474E93F27D}.Release|Any CPU.Build.0 = Release|Any CPU
		{AF8984B5-2EF7-4B80-B99C-C67EA5CF0D46}.Debug|Any CPU.ActiveCfg = Debug|Any CPU
		{AF8984B5-2EF7-4B80-B99C-C67EA5CF0D46}.Debug|Any CPU.Build.0 = Debug|Any CPU
		{AF8984B5-2EF7-4B80-B99C-C67EA5CF0D46}.Release|Any CPU.ActiveCfg = Release|Any CPU
		{AF8984B5-2EF7-4B80-B99C-C67EA5CF0D46}.Release|Any CPU.Build.0 = Release|Any CPU
		{DC05AFA0-E943-4D13-8325-BF620A541502}.Debug|Any CPU.ActiveCfg = Debug|Any CPU
		{DC05AFA0-E943-4D13-8325-BF620A541502}.Debug|Any CPU.Build.0 = Debug|Any CPU
		{DC05AFA0-E943-4D13-8325-BF620A541502}.Release|Any CPU.ActiveCfg = Release|Any CPU
		{DC05AFA0-E943-4D13-8325-BF620A541502}.Release|Any CPU.Build.0 = Release|Any CPU
		{52E8F1CA-AE71-4025-AB43-F73A1FDF97E3}.Debug|Any CPU.ActiveCfg = Debug|Any CPU
		{52E8F1CA-AE71-4025-AB43-F73A1FDF97E3}.Debug|Any CPU.Build.0 = Debug|Any CPU
		{52E8F1CA-AE71-4025-AB43-F73A1FDF97E3}.Release|Any CPU.ActiveCfg = Release|Any CPU
		{52E8F1CA-AE71-4025-AB43-F73A1FDF97E3}.Release|Any CPU.Build.0 = Release|Any CPU
		{C80FC5C6-8CDA-419F-B1F1-5110ECB3E461}.Debug|Any CPU.ActiveCfg = Debug|Any CPU
		{C80FC5C6-8CDA-419F-B1F1-5110ECB3E461}.Debug|Any CPU.Build.0 = Debug|Any CPU
		{C80FC5C6-8CDA-419F-B1F1-5110ECB3E461}.Release|Any CPU.ActiveCfg = Release|Any CPU
		{C80FC5C6-8CDA-419F-B1F1-5110ECB3E461}.Release|Any CPU.Build.0 = Release|Any CPU
		{D413DEF3-7526-4785-ADA3-8DA9845F19CE}.Debug|Any CPU.ActiveCfg = Debug|Any CPU
		{D413DEF3-7526-4785-ADA3-8DA9845F19CE}.Debug|Any CPU.Build.0 = Debug|Any CPU
		{D413DEF3-7526-4785-ADA3-8DA9845F19CE}.Release|Any CPU.ActiveCfg = Release|Any CPU
		{D413DEF3-7526-4785-ADA3-8DA9845F19CE}.Release|Any CPU.Build.0 = Release|Any CPU
		{670C3EFD-75FE-43DE-95B9-6070564F12C4}.Debug|Any CPU.ActiveCfg = Debug|Any CPU
		{670C3EFD-75FE-43DE-95B9-6070564F12C4}.Debug|Any CPU.Build.0 = Debug|Any CPU
		{670C3EFD-75FE-43DE-95B9-6070564F12C4}.Release|Any CPU.ActiveCfg = Release|Any CPU
		{670C3EFD-75FE-43DE-95B9-6070564F12C4}.Release|Any CPU.Build.0 = Release|Any CPU
	EndGlobalSection
	GlobalSection(SolutionProperties) = preSolution
		HideSolutionNode = FALSE
	EndGlobalSection
	GlobalSection(NestedProjects) = preSolution
		{1B2CB7D6-84C2-4414-A6C1-6BBC1B879958} = {2643745E-FE6F-4497-AE87-613089BC459E}
		{F1A59FC3-416D-467A-902F-EE66C6E5DC32} = {95AD4052-BC02-4560-A830-D3D2FCD9B5F3}
		{0B03EB4D-16E1-410B-BFBA-8546BE851E33} = {95AD4052-BC02-4560-A830-D3D2FCD9B5F3}
		{2643745E-FE6F-4497-AE87-613089BC459E} = {95AD4052-BC02-4560-A830-D3D2FCD9B5F3}
		{9D6D73EE-F3E7-4EAD-9E08-BCC11AB18673} = {1B2CB7D6-84C2-4414-A6C1-6BBC1B879958}
		{09147DBD-5A59-41A5-9C15-2A9D9FC631FC} = {1B2CB7D6-84C2-4414-A6C1-6BBC1B879958}
		{9275544C-4CA4-4FE5-BA11-60309D987721} = {0B03EB4D-16E1-410B-BFBA-8546BE851E33}
		{E01265DD-9513-4CCB-93FC-6E7A2F429E25} = {9275544C-4CA4-4FE5-BA11-60309D987721}
		{B9BBDC24-EB0D-4E14-8529-99B13F322110} = {0B03EB4D-16E1-410B-BFBA-8546BE851E33}
		{6F7F5B67-26C2-45DA-B1B7-7EF522530FA2} = {9275544C-4CA4-4FE5-BA11-60309D987721}
		{773FDD11-249D-4BFF-80CF-0C7453622108} = {9275544C-4CA4-4FE5-BA11-60309D987721}
		{90E8B878-740A-4755-A7B2-125EE36E2588} = {2643745E-FE6F-4497-AE87-613089BC459E}
		{3F9AE311-375C-4794-9BB3-9C474E93F27D} = {90E8B878-740A-4755-A7B2-125EE36E2588}
		{AF8984B5-2EF7-4B80-B99C-C67EA5CF0D46} = {90E8B878-740A-4755-A7B2-125EE36E2588}
		{DC05AFA0-E943-4D13-8325-BF620A541502} = {1B2CB7D6-84C2-4414-A6C1-6BBC1B879958}
		{3A6E5BE4-B35C-4D53-836A-B87841899611} = {2643745E-FE6F-4497-AE87-613089BC459E}
		{38339B63-E060-48B0-944A-45E60DE6DA2E} = {F1A59FC3-416D-467A-902F-EE66C6E5DC32}
		{52E8F1CA-AE71-4025-AB43-F73A1FDF97E3} = {38339B63-E060-48B0-944A-45E60DE6DA2E}
		{378B1B22-4C03-4B48-836D-8404AF5344CC} = {F1A59FC3-416D-467A-902F-EE66C6E5DC32}
		{377E0ABB-107F-4A54-926D-80988D081D7C} = {1B2CB7D6-84C2-4414-A6C1-6BBC1B879958}
		{C80FC5C6-8CDA-419F-B1F1-5110ECB3E461} = {377E0ABB-107F-4A54-926D-80988D081D7C}
		{D413DEF3-7526-4785-ADA3-8DA9845F19CE} = {377E0ABB-107F-4A54-926D-80988D081D7C}
		{670C3EFD-75FE-43DE-95B9-6070564F12C4} = {3A6E5BE4-B35C-4D53-836A-B87841899611}
	EndGlobalSection
	GlobalSection(ExtensibilityGlobals) = postSolution
		SolutionGuid = {0A64E32F-9478-4890-979A-AB596FDC2711}
	EndGlobalSection
EndGlobal
